
Microsoft Visual Studio Solution File, Format Version 12.00
# Visual Studio Version 16
VisualStudioVersion = 16.0.32901.82
MinimumVisualStudioVersion = 10.0.40219.1
Project("{FAE04EC0-301F-11D3-BF4B-00C04F79EFBC}") = "Prime_number", "Prime_number\Prime_number.csproj", "{58F83AE5-0D03-40F3-A642-7AB96F005C97}"
EndProject
Global
	GlobalSection(SolutionConfigurationPlatforms) = preSolution
		Debug|Any CPU = Debug|Any CPU
		Release|Any CPU = Release|Any CPU
	EndGlobalSection
	GlobalSection(ProjectConfigurationPlatforms) = postSolution
		{58F83AE5-0D03-40F3-A642-7AB96F005C97}.Debug|Any CPU.ActiveCfg = Debug|Any CPU
		{58F83AE5-0D03-40F3-A642-7AB96F005C97}.Debug|Any CPU.Build.0 = Debug|Any CPU
		{58F83AE5-0D03-40F3-A642-7AB96F005C97}.Release|Any CPU.ActiveCfg = Release|Any CPU
		{58F83AE5-0D03-40F3-A642-7AB96F005C97}.Release|Any CPU.Build.0 = Release|Any CPU
	EndGlobalSection
	GlobalSection(SolutionProperties) = preSolution
		HideSolutionNode = FALSE
	EndGlobalSection
	GlobalSection(ExtensibilityGlobals) = postSolution
		SolutionGuid = {1540ECA9-5499-4A48-99B3-C888FC4FA7E9}
	EndGlobalSection
EndGlobal
